github.com/asticode/go-astikit v0.29.1/go.mod h1:h4ly7idim1tNhaVkdVBeXQZEE3L0xblP7fCWbgwipF0=
github.com/asticode/go-astikit v0.39.0 h1:LOkRzYyV96dSiHcnMctj1yXpFgHVtDfsk4FJtwZKD8Q=
github.com/asticode/go-astikit v0.39.0/go.mod h1:h4ly7idim1tNhaVkdVBeXQZEE3L0xblP7fCWbgwipF0=
github.com/asticode/go-astilectron v0.30.0 h1:flnbc7XKzvG5pKqvQr25hHEsXj2QoJP9kM0YHpq5LnQ=
github.com/asticode/go-astilectron v0.30.0/go.mod h1:o7wZ7KDr3XH3xcEwcxfpWzNVf63JsMKtif/6IP4mpHk=
github.com/davecgh/go-spew v1.1.0 h1:ZDRjVQ15GmhC3fiQ8ni8+OwkZQO4DARzQgrnXU1Liz8=
github.com/davecgh/go-spew v1.1.0/go.mod h1:J7Y8YcW2NihsgmVo/mv3lAwl/skON4iLHjSsI+c5H38=
github.com/pierrec/lz4/v4 v4.1.17 h1:kV4Ip+/hUBC+8T6+2EgburRtkE9ef4nbY3f4dFhGjMc=
github.com/pierrec/lz4/v4 v4.1.17/go.mod h1:gZWDp/Ze/IJXGXf23ltt2EXimqmTUXEy0GFuRQyBid4=
github.com/pmezard/go-difflib v1.0.0 h1:4DBwDE0NGyQoBHbLQYPwSUPoCMWR5BEzIk/f1lZbAQM=
github.com/pmezard/go-difflib v1.0.0/go.mod h1:iKH77koFhYxTK1pcRnkKkqfTogsbg7gZNVY4sRDYZ/4=
github.com/stretchr/objx v0.1.0/go.mod h1:HFkY916IF+rwdDfMAkV7OtwuqBVzrE8GR6GFx+wExME=
github.com/stretchr/testify v1.4.0 h1:2E4SXV/wtOkTonXsotYi4li6zVWxYlZuYNCXe9XRJyk=
github.com/stretchr/testify v1.4.0/go.mod h1:j7eGeouHqKxXV5pUuKE4zz7dFj8WfuZ+81PSLYec5m4=
golang.org/x/crypto v0.9.0 h1:LF6fAI+IutBocDJ2OT0Q1g8plpYljMZ4+lty+dsqw3g=
golang.org/x/crypto v0.9.0/go.mod h1:yrmDGqONDYtNj3tH8X9dzUun2m2lzPa9ngI6/RUPGR0=
golang.org/x/sys v0.8.0 h1:EBmGv8NaZBZTWvrbjNoL6HVt+IVy3QDQpJs7VRIw3tU=
golang.org/x/sys v0.8.0/go.mod h1:oPkhp1MJrh7nUepCBck5+mAzfO9JrbApNNgaTdGDITg=
gopkg.in/check.v1 v0.0.0-20161208181325-20d25e280405/go.mod h1:Co6ibVJAznAaIkqp8huTwlJQCZ016jof/cbN4VW5Yz0=
gopkg.in/yaml.v2 v2.2.2 h1:ZCJp+EgiOT7lHqUV2J862kp8Qj64Jo6az82+3Td9dZw=
gopkg.in/yaml.v2 v2.2.2/go.mod h1:hI93XBmqTisBFMUTm0b8Fm+jr3Dg1NNxqwp+5A1VGuI=
